
Microsoft Visual Studio Solution File, Format Version 12.00
Project("{FAE04EC0-301F-11D3-BF4B-00C04F79EFBC}") = "MinimalApi", "MinimalApi\MinimalApi.csproj", "{287C6442-063D-44BA-95BC-15FF4BB96986}"
EndProject
Global
	GlobalSection(SolutionConfigurationPlatforms) = preSolution
		Debug|Any CPU = Debug|Any CPU
		Release|Any CPU = Release|Any CPU
	EndGlobalSection
	GlobalSection(ProjectConfigurationPlatforms) = postSolution
		{287C6442-063D-44BA-95BC-15FF4BB96986}.Debug|Any CPU.ActiveCfg = Debug|Any CPU
		{287C6442-063D-44BA-95BC-15FF4BB96986}.Debug|Any CPU.Build.0 = Debug|Any CPU
		{287C6442-063D-44BA-95BC-15FF4BB96986}.Release|Any CPU.ActiveCfg = Release|Any CPU
		{287C6442-063D-44BA-95BC-15FF4BB96986}.Release|Any CPU.Build.0 = Release|Any CPU
	EndGlobalSection
EndGlobal
